// !$*UTF8*$!
{
	archiveVersion = 1;
	classes = {
	};
	objectVersion = 46;
	objects = {

/* Begin PBXBuildFile section */
		8B0209061B560B1800947EBC /* AnalyticsViewController.m in Sources */ = {isa = PBXBuildFile; fileRef = 8B0209051B560B1800947EBC /* AnalyticsViewController.m */; };
		8B0209071B560B1800947EBC /* AnalyticsViewController.m in Sources */ = {isa = PBXBuildFile; fileRef = 8B0209051B560B1800947EBC /* AnalyticsViewController.m */; };
		8B02090A1B56322500947EBC /* AnalyticsManager.m in Sources */ = {isa = PBXBuildFile; fileRef = 8B0209091B56322500947EBC /* AnalyticsManager.m */; };
		8B02090B1B56322500947EBC /* AnalyticsManager.m in Sources */ = {isa = PBXBuildFile; fileRef = 8B0209091B56322500947EBC /* AnalyticsManager.m */; };
		8B1C5F2B1B54FBA100B23290 /* RootViewController.m in Sources */ = {isa = PBXBuildFile; fileRef = 8B1C5F2A1B54FBA100B23290 /* RootViewController.m */; };
		8B1C5F2C1B54FBA100B23290 /* RootViewController.m in Sources */ = {isa = PBXBuildFile; fileRef = 8B1C5F2A1B54FBA100B23290 /* RootViewController.m */; };
		8B222E0E1B4A739800517EBA /* appicon.icns in Resources */ = {isa = PBXBuildFile; fileRef = 8B222E0D1B4A739800517EBA /* appicon.icns */; };
		8B2409F81AB6B192002C7B7B /* AppDelegate.m in Sources */ = {isa = PBXBuildFile; fileRef = 8B2409F71AB6B192002C7B7B /* AppDelegate.m */; };
		8B2409FA1AB6B192002C7B7B /* main.m in Sources */ = {isa = PBXBuildFile; fileRef = 8B2409F91AB6B192002C7B7B /* main.m */; };
		8B2409FC1AB6B192002C7B7B /* Images.xcassets in Resources */ = {isa = PBXBuildFile; fileRef = 8B2409FB1AB6B192002C7B7B /* Images.xcassets */; };
		8B240A0B1AB6B192002C7B7B /* ModelBotTests.m in Sources */ = {isa = PBXBuildFile; fileRef = 8B240A0A1AB6B192002C7B7B /* ModelBotTests.m */; };
		8B240A1C1AB6C50F002C7B7B /* Header_NSObject.tpl in Resources */ = {isa = PBXBuildFile; fileRef = 8B240A1B1AB6C50F002C7B7B /* Header_NSObject.tpl */; };
		8B240A1E1AB6C520002C7B7B /* Header_MTLModel.tpl in Resources */ = {isa = PBXBuildFile; fileRef = 8B240A1D1AB6C520002C7B7B /* Header_MTLModel.tpl */; };
		8B240A211AB6DE5A002C7B7B /* libobjc.dylib in Frameworks */ = {isa = PBXBuildFile; fileRef = 8B240A201AB6DE5A002C7B7B /* libobjc.dylib */; };
		8B329D911AB90BAD0020838D /* AppKit.framework in Frameworks */ = {isa = PBXBuildFile; fileRef = 8B329D901AB90BAD0020838D /* AppKit.framework */; };
		8B6618781BBCE68C007A1E44 /* ModelFunctionsMate.m in Sources */ = {isa = PBXBuildFile; fileRef = 8B6618771BBCE68C007A1E44 /* ModelFunctionsMate.m */; };
		8B92B2D61AB7F4F300F50595 /* Source_NSObject.tpl in Resources */ = {isa = PBXBuildFile; fileRef = 8B92B2D51AB7F4F300F50595 /* Source_NSObject.tpl */; };
		8B92B2D81AB7F4FE00F50595 /* Source_MTLModel.tpl in Resources */ = {isa = PBXBuildFile; fileRef = 8B92B2D71AB7F4FE00F50595 /* Source_MTLModel.tpl */; };
		8B92B2E81AB81B6A00F50595 /* JSONSyntaxHighlight.m in Sources */ = {isa = PBXBuildFile; fileRef = 8B92B2E71AB81B6A00F50595 /* JSONSyntaxHighlight.m */; };
		8B92B2ED1AB822D900F50595 /* JSONTextview.m in Sources */ = {isa = PBXBuildFile; fileRef = 8B92B2EC1AB822D900F50595 /* JSONTextview.m */; };
		8BA9D4ED1BBFDE03000135F8 /* PreferenceController.m in Sources */ = {isa = PBXBuildFile; fileRef = 8BA9D4EC1BBFDE03000135F8 /* PreferenceController.m */; };
		8BA9D4F11BC01956000135F8 /* MPreference.m in Sources */ = {isa = PBXBuildFile; fileRef = 8BA9D4F01BC01956000135F8 /* MPreference.m */; };
		8BB3CAD61B550DFB001E770B /* line_graph.png in Resources */ = {isa = PBXBuildFile; fileRef = 8BB3CAD51B550DFB001E770B /* line_graph.png */; };
		8BB3CAD71B550DFB001E770B /* line_graph.png in Resources */ = {isa = PBXBuildFile; fileRef = 8BB3CAD51B550DFB001E770B /* line_graph.png */; };
		8BB3CADC1B5514C5001E770B /* Main.storyboard in Resources */ = {isa = PBXBuildFile; fileRef = 8BB3CADB1B5514C5001E770B /* Main.storyboard */; };
		8BB3CADD1B5514C5001E770B /* Main.storyboard in Resources */ = {isa = PBXBuildFile; fileRef = 8BB3CADB1B5514C5001E770B /* Main.storyboard */; };
		8BDA4B6B1B5519BE0051C745 /* RootWindowController.m in Sources */ = {isa = PBXBuildFile; fileRef = 8BDA4B6A1B5519BE0051C745 /* RootWindowController.m */; };
		8BE19E3F1B54DAAB00ED50AB /* JSONParseMate.m in Sources */ = {isa = PBXBuildFile; fileRef = 8BE19E3E1B54DAAB00ED50AB /* JSONParseMate.m */; };
		8BFE80D81C5715C9005C842B /* ObjectMapper_Swift.tpl in Resources */ = {isa = PBXBuildFile; fileRef = 8BFE80D71C5715C9005C842B /* ObjectMapper_Swift.tpl */; };
/* End PBXBuildFile section */

/* Begin PBXContainerItemProxy section */
		8B240A051AB6B192002C7B7B /* PBXContainerItemProxy */ = {
			isa = PBXContainerItemProxy;
			containerPortal = 8B2409E91AB6B192002C7B7B /* Project object */;
			proxyType = 1;
			remoteGlobalIDString = 8B2409F01AB6B192002C7B7B;
			remoteInfo = ModelBot;
		};
/* End PBXContainerItemProxy section */

/* Begin PBXFileReference section */
		8B0209041B560B1800947EBC /* AnalyticsViewController.h */ = {isa = PBXFileReference; fileEncoding = 4; lastKnownFileType = sourcecode.c.h; path = AnalyticsViewController.h; sourceTree = "<group>"; };
		8B0209051B560B1800947EBC /* AnalyticsViewController.m */ = {isa = PBXFileReference; fileEncoding = 4; lastKnownFileType = sourcecode.c.objc; path = AnalyticsViewController.m; sourceTree = "<group>"; };
		8B0209081B56322500947EBC /* AnalyticsManager.h */ = {isa = PBXFileReference; fileEncoding = 4; lastKnownFileType = sourcecode.c.h; name = AnalyticsManager.h; path = ModelBot/Modeltools/AnalyticsManager.h; sourceTree = SOURCE_ROOT; };
		8B0209091B56322500947EBC /* AnalyticsManager.m */ = {isa = PBXFileReference; fileEncoding = 4; lastKnownFileType = sourcecode.c.objc; name = AnalyticsManager.m; path = ModelBot/Modeltools/AnalyticsManager.m; sourceTree = SOURCE_ROOT; };
		8B1C5F291B54FBA100B23290 /* RootViewController.h */ = {isa = PBXFileReference; fileEncoding = 4; lastKnownFileType = sourcecode.c.h; path = RootViewController.h; sourceTree = "<group>"; };
		8B1C5F2A1B54FBA100B23290 /* RootViewController.m */ = {isa = PBXFileReference; fileEncoding = 4; lastKnownFileType = sourcecode.c.objc; path = RootViewController.m; sourceTree = "<group>"; };
		8B222E0D1B4A739800517EBA /* appicon.icns */ = {isa = PBXFileReference; lastKnownFileType = image.icns; path = appicon.icns; sourceTree = "<group>"; };
		8B2409F11AB6B192002C7B7B /* ModelBot.app */ = {isa = PBXFileReference; explicitFileType = wrapper.application; includeInIndex = 0; path = ModelBot.app; sourceTree = BUILT_PRODUCTS_DIR; };
		8B2409F51AB6B192002C7B7B /* Info.plist */ = {isa = PBXFileReference; lastKnownFileType = text.plist.xml; path = Info.plist; sourceTree = "<group>"; };
		8B2409F61AB6B192002C7B7B /* AppDelegate.h */ = {isa = PBXFileReference; lastKnownFileType = sourcecode.c.h; path = AppDelegate.h; sourceTree = "<group>"; };
		8B2409F71AB6B192002C7B7B /* AppDelegate.m */ = {isa = PBXFileReference; lastKnownFileType = sourcecode.c.objc; path = AppDelegate.m; sourceTree = "<group>"; };
		8B2409F91AB6B192002C7B7B /* main.m */ = {isa = PBXFileReference; lastKnownFileType = sourcecode.c.objc; path = main.m; sourceTree = "<group>"; };
		8B2409FB1AB6B192002C7B7B /* Images.xcassets */ = {isa = PBXFileReference; lastKnownFileType = folder.assetcatalog; path = Images.xcassets; sourceTree = "<group>"; };
		8B240A041AB6B192002C7B7B /* ModelBotTests.xctest */ = {isa = PBXFileReference; explicitFileType = wrapper.cfbundle; includeInIndex = 0; path = ModelBotTests.xctest; sourceTree = BUILT_PRODUCTS_DIR; };
		8B240A091AB6B192002C7B7B /* Info.plist */ = {isa = PBXFileReference; lastKnownFileType = text.plist.xml; path = Info.plist; sourceTree = "<group>"; };
		8B240A0A1AB6B192002C7B7B /* ModelBotTests.m */ = {isa = PBXFileReference; lastKnownFileType = sourcecode.c.objc; path = ModelBotTests.m; sourceTree = "<group>"; };
		8B240A1B1AB6C50F002C7B7B /* Header_NSObject.tpl */ = {isa = PBXFileReference; fileEncoding = 4; lastKnownFileType = text; path = Header_NSObject.tpl; sourceTree = "<group>"; };
		8B240A1D1AB6C520002C7B7B /* Header_MTLModel.tpl */ = {isa = PBXFileReference; fileEncoding = 4; lastKnownFileType = text; path = Header_MTLModel.tpl; sourceTree = "<group>"; };
		8B240A1F1AB6C8D4002C7B7B /* PrefixHeader.pch */ = {isa = PBXFileReference; lastKnownFileType = sourcecode.c.h; path = PrefixHeader.pch; sourceTree = "<group>"; };
		8B240A201AB6DE5A002C7B7B /* libobjc.dylib */ = {isa = PBXFileReference; lastKnownFileType = "compiled.mach-o.dylib"; name = libobjc.dylib; path = usr/lib/libobjc.dylib; sourceTree = SDKROOT; };
		8B329D901AB90BAD0020838D /* AppKit.framework */ = {isa = PBXFileReference; lastKnownFileType = wrapper.framework; name = AppKit.framework; path = System/Library/Frameworks/AppKit.framework; sourceTree = SDKROOT; };
		8B6618761BBCE68C007A1E44 /* ModelFunctionsMate.h */ = {isa = PBXFileReference; fileEncoding = 4; lastKnownFileType = sourcecode.c.h; name = ModelFunctionsMate.h; path = ModelBot/Modeltools/ModelFunctionsMate.h; sourceTree = SOURCE_ROOT; };
		8B6618771BBCE68C007A1E44 /* ModelFunctionsMate.m */ = {isa = PBXFileReference; fileEncoding = 4; lastKnownFileType = sourcecode.c.objc; name = ModelFunctionsMate.m; path = ModelBot/Modeltools/ModelFunctionsMate.m; sourceTree = SOURCE_ROOT; };
		8B92B2D51AB7F4F300F50595 /* Source_NSObject.tpl */ = {isa = PBXFileReference; fileEncoding = 4; lastKnownFileType = text; path = Source_NSObject.tpl; sourceTree = "<group>"; };
		8B92B2D71AB7F4FE00F50595 /* Source_MTLModel.tpl */ = {isa = PBXFileReference; fileEncoding = 4; lastKnownFileType = text; path = Source_MTLModel.tpl; sourceTree = "<group>"; };
		8B92B2E61AB81B6A00F50595 /* JSONSyntaxHighlight.h */ = {isa = PBXFileReference; fileEncoding = 4; lastKnownFileType = sourcecode.c.h; path = JSONSyntaxHighlight.h; sourceTree = "<group>"; };
		8B92B2E71AB81B6A00F50595 /* JSONSyntaxHighlight.m */ = {isa = PBXFileReference; fileEncoding = 4; lastKnownFileType = sourcecode.c.objc; path = JSONSyntaxHighlight.m; sourceTree = "<group>"; };
		8B92B2EB1AB822D900F50595 /* JSONTextview.h */ = {isa = PBXFileReference; fileEncoding = 4; lastKnownFileType = sourcecode.c.h; path = JSONTextview.h; sourceTree = "<group>"; };
		8B92B2EC1AB822D900F50595 /* JSONTextview.m */ = {isa = PBXFileReference; fileEncoding = 4; lastKnownFileType = sourcecode.c.objc; path = JSONTextview.m; sourceTree = "<group>"; };
		8BA9D4EB1BBFDE03000135F8 /* PreferenceController.h */ = {isa = PBXFileReference; fileEncoding = 4; lastKnownFileType = sourcecode.c.h; path = PreferenceController.h; sourceTree = "<group>"; };
		8BA9D4EC1BBFDE03000135F8 /* PreferenceController.m */ = {isa = PBXFileReference; fileEncoding = 4; lastKnownFileType = sourcecode.c.objc; path = PreferenceController.m; sourceTree = "<group>"; };
		8BA9D4EF1BC01956000135F8 /* MPreference.h */ = {isa = PBXFileReference; fileEncoding = 4; lastKnownFileType = sourcecode.c.h; path = MPreference.h; sourceTree = "<group>"; };
		8BA9D4F01BC01956000135F8 /* MPreference.m */ = {isa = PBXFileReference; fileEncoding = 4; lastKnownFileType = sourcecode.c.objc; path = MPreference.m; sourceTree = "<group>"; };
		8BB3CAD51B550DFB001E770B /* line_graph.png */ = {isa = PBXFileReference; lastKnownFileType = image.png; path = line_graph.png; sourceTree = "<group>"; };
		8BB3CADB1B5514C5001E770B /* Main.storyboard */ = {isa = PBXFileReference; fileEncoding = 4; lastKnownFileType = file.storyboard; path = Main.storyboard; sourceTree = "<group>"; };
		8BDA4B691B5519BE0051C745 /* RootWindowController.h */ = {isa = PBXFileReference; fileEncoding = 4; lastKnownFileType = sourcecode.c.h; path = RootWindowController.h; sourceTree = "<group>"; };
		8BDA4B6A1B5519BE0051C745 /* RootWindowController.m */ = {isa = PBXFileReference; fileEncoding = 4; lastKnownFileType = sourcecode.c.objc; path = RootWindowController.m; sourceTree = "<group>"; };
		8BE19E3D1B54DAAB00ED50AB /* JSONParseMate.h */ = {isa = PBXFileReference; fileEncoding = 4; lastKnownFileType = sourcecode.c.h; name = JSONParseMate.h; path = ModelBot/JSONParseMate.h; sourceTree = SOURCE_ROOT; };
		8BE19E3E1B54DAAB00ED50AB /* JSONParseMate.m */ = {isa = PBXFileReference; fileEncoding = 4; lastKnownFileType = sourcecode.c.objc; name = JSONParseMate.m; path = ModelBot/JSONParseMate.m; sourceTree = SOURCE_ROOT; };
		8BFE80D71C5715C9005C842B /* ObjectMapper_Swift.tpl */ = {isa = PBXFileReference; fileEncoding = 4; lastKnownFileType = text; path = ObjectMapper_Swift.tpl; sourceTree = "<group>"; };
/* End PBXFileReference section */

/* Begin PBXFrameworksBuildPhase section */
		8B2409EE1AB6B192002C7B7B /* Frameworks */ = {
			isa = PBXFrameworksBuildPhase;
			buildActionMask = 2147483647;
			files = (
				8B329D911AB90BAD0020838D /* AppKit.framework in Frameworks */,
				8B240A211AB6DE5A002C7B7B /* libobjc.dylib in Frameworks */,
			);
			runOnlyForDeploymentPostprocessing = 0;
		};
		8B240A011AB6B192002C7B7B /* Frameworks */ = {
			isa = PBXFrameworksBuildPhase;
			buildActionMask = 2147483647;
			files = (
			);
			runOnlyForDeploymentPostprocessing = 0;
		};
/* End PBXFrameworksBuildPhase section */

/* Begin PBXGroup section */
		8B2409E81AB6B192002C7B7B = {
			isa = PBXGroup;
			children = (
				8B222E0D1B4A739800517EBA /* appicon.icns */,
				8B2409F31AB6B192002C7B7B /* ModelBot */,
				8B240A071AB6B192002C7B7B /* ModelBotTests */,
				8B2409F21AB6B192002C7B7B /* Products */,
			);
			sourceTree = "<group>";
		};
		8B2409F21AB6B192002C7B7B /* Products */ = {
			isa = PBXGroup;
			children = (
				8B2409F11AB6B192002C7B7B /* ModelBot.app */,
				8B240A041AB6B192002C7B7B /* ModelBotTests.xctest */,
			);
			name = Products;
			sourceTree = "<group>";
		};
		8B2409F31AB6B192002C7B7B /* ModelBot */ = {
			isa = PBXGroup;
			children = (
				8B2409F61AB6B192002C7B7B /* AppDelegate.h */,
				8B2409F71AB6B192002C7B7B /* AppDelegate.m */,
				8B240A1F1AB6C8D4002C7B7B /* PrefixHeader.pch */,
				8BA9D4EE1BC00D8C000135F8 /* Model */,
				8B92B2E91AB8228600F50595 /* UI */,
				8B92B2DA1AB8054D00F50595 /* Library */,
				8B240A1A1AB6C45F002C7B7B /* Tools */,
				8B240A191AB6C42A002C7B7B /* JSONParse */,
				8B240A181AB6C413002C7B7B /* Template */,
				8B329D941AB916460020838D /* Framework */,
				8B2409FB1AB6B192002C7B7B /* Images.xcassets */,
				8B2939161ABBBA6E008090DB /* Resources */,
				8B2409F41AB6B192002C7B7B /* Supporting Files */,
			);
			path = ModelBot;
			sourceTree = "<group>";
		};
		8B2409F41AB6B192002C7B7B /* Supporting Files */ = {
			isa = PBXGroup;
			children = (
				8B2409F51AB6B192002C7B7B /* Info.plist */,
				8B2409F91AB6B192002C7B7B /* main.m */,
			);
			name = "Supporting Files";
			sourceTree = "<group>";
		};
		8B240A071AB6B192002C7B7B /* ModelBotTests */ = {
			isa = PBXGroup;
			children = (
				8B240A0A1AB6B192002C7B7B /* ModelBotTests.m */,
				8B240A081AB6B192002C7B7B /* Supporting Files */,
			);
			path = ModelBotTests;
			sourceTree = "<group>";
		};
		8B240A081AB6B192002C7B7B /* Supporting Files */ = {
			isa = PBXGroup;
			children = (
				8B240A091AB6B192002C7B7B /* Info.plist */,
			);
			name = "Supporting Files";
			sourceTree = "<group>";
		};
		8B240A181AB6C413002C7B7B /* Template */ = {
			isa = PBXGroup;
			children = (
				8B240A1B1AB6C50F002C7B7B /* Header_NSObject.tpl */,
				8B240A1D1AB6C520002C7B7B /* Header_MTLModel.tpl */,
				8B92B2D51AB7F4F300F50595 /* Source_NSObject.tpl */,
				8B92B2D71AB7F4FE00F50595 /* Source_MTLModel.tpl */,
				8BFE80D71C5715C9005C842B /* ObjectMapper_Swift.tpl */,
			);
			path = Template;
			sourceTree = "<group>";
		};
		8B240A191AB6C42A002C7B7B /* JSONParse */ = {
			isa = PBXGroup;
			children = (
				8BE19E3D1B54DAAB00ED50AB /* JSONParseMate.h */,
				8BE19E3E1B54DAAB00ED50AB /* JSONParseMate.m */,
			);
			path = JSONParse;
			sourceTree = "<group>";
		};
		8B240A1A1AB6C45F002C7B7B /* Tools */ = {
			isa = PBXGroup;
			children = (
				8B0209081B56322500947EBC /* AnalyticsManager.h */,
				8B0209091B56322500947EBC /* AnalyticsManager.m */,
				8B6618761BBCE68C007A1E44 /* ModelFunctionsMate.h */,
				8B6618771BBCE68C007A1E44 /* ModelFunctionsMate.m */,
			);
			name = Tools;
			path = ModelTools;
			sourceTree = "<group>";
		};
		8B2939161ABBBA6E008090DB /* Resources */ = {
			isa = PBXGroup;
			children = (
				8BB3CAD51B550DFB001E770B /* line_graph.png */,
			);
			path = Resources;
			sourceTree = "<group>";
		};
		8B329D941AB916460020838D /* Framework */ = {
			isa = PBXGroup;
			children = (
				8B329D901AB90BAD0020838D /* AppKit.framework */,
				8B240A201AB6DE5A002C7B7B /* libobjc.dylib */,
			);
			path = Framework;
			sourceTree = "<group>";
		};
		8B92B2DA1AB8054D00F50595 /* Library */ = {
			isa = PBXGroup;
			children = (
				8B92B2E51AB81B6A00F50595 /* JSONSyntaxHighlight */,
			);
			path = Library;
			sourceTree = "<group>";
		};
		8B92B2E51AB81B6A00F50595 /* JSONSyntaxHighlight */ = {
			isa = PBXGroup;
			children = (
				8B92B2E61AB81B6A00F50595 /* JSONSyntaxHighlight.h */,
				8B92B2E71AB81B6A00F50595 /* JSONSyntaxHighlight.m */,
			);
			path = JSONSyntaxHighlight;
			sourceTree = "<group>";
		};
		8B92B2E91AB8228600F50595 /* UI */ = {
			isa = PBXGroup;
			children = (
				8BB3CADB1B5514C5001E770B /* Main.storyboard */,
				8B92B2EB1AB822D900F50595 /* JSONTextview.h */,
				8B92B2EC1AB822D900F50595 /* JSONTextview.m */,
				8B1C5F291B54FBA100B23290 /* RootViewController.h */,
				8B1C5F2A1B54FBA100B23290 /* RootViewController.m */,
				8BDA4B691B5519BE0051C745 /* RootWindowController.h */,
				8BDA4B6A1B5519BE0051C745 /* RootWindowController.m */,
				8B0209041B560B1800947EBC /* AnalyticsViewController.h */,
				8B0209051B560B1800947EBC /* AnalyticsViewController.m */,
				8BA9D4EB1BBFDE03000135F8 /* PreferenceController.h */,
				8BA9D4EC1BBFDE03000135F8 /* PreferenceController.m */,
			);
			path = UI;
			sourceTree = "<group>";
		};
		8BA9D4EE1BC00D8C000135F8 /* Model */ = {
			isa = PBXGroup;
			children = (
				8BA9D4EF1BC01956000135F8 /* MPreference.h */,
				8BA9D4F01BC01956000135F8 /* MPreference.m */,
			);
			path = Model;
			sourceTree = "<group>";
		};
/* End PBXGroup section */

/* Begin PBXNativeTarget section */
		8B2409F01AB6B192002C7B7B /* ModelBot */ = {
			isa = PBXNativeTarget;
			buildConfigurationList = 8B240A0E1AB6B192002C7B7B /* Build configuration list for PBXNativeTarget "ModelBot" */;
			buildPhases = (
				8B2409ED1AB6B192002C7B7B /* Sources */,
				8B2409EE1AB6B192002C7B7B /* Frameworks */,
				8B2409EF1AB6B192002C7B7B /* Resources */,
			);
			buildRules = (
			);
			dependencies = (
			);
			name = ModelBot;
			productName = ModelBot;
			productReference = 8B2409F11AB6B192002C7B7B /* ModelBot.app */;
			productType = "com.apple.product-type.application";
		};
		8B240A031AB6B192002C7B7B /* ModelBotTests */ = {
			isa = PBXNativeTarget;
			buildConfigurationList = 8B240A111AB6B192002C7B7B /* Build configuration list for PBXNativeTarget "ModelBotTests" */;
			buildPhases = (
				8B240A001AB6B192002C7B7B /* Sources */,
				8B240A011AB6B192002C7B7B /* Frameworks */,
				8B240A021AB6B192002C7B7B /* Resources */,
			);
			buildRules = (
			);
			dependencies = (
				8B240A061AB6B192002C7B7B /* PBXTargetDependency */,
			);
			name = ModelBotTests;
			productName = ModelBotTests;
			productReference = 8B240A041AB6B192002C7B7B /* ModelBotTests.xctest */;
			productType = "com.apple.product-type.bundle.unit-test";
		};
/* End PBXNativeTarget section */

/* Begin PBXProject section */
		8B2409E91AB6B192002C7B7B /* Project object */ = {
			isa = PBXProject;
			attributes = {
				LastUpgradeCheck = 0620;
				ORGANIZATIONNAME = Timebot;
				TargetAttributes = {
					8B2409F01AB6B192002C7B7B = {
						CreatedOnToolsVersion = 6.2;
					};
					8B240A031AB6B192002C7B7B = {
						CreatedOnToolsVersion = 6.2;
						TestTargetID = 8B2409F01AB6B192002C7B7B;
					};
				};
			};
			buildConfigurationList = 8B2409EC1AB6B192002C7B7B /* Build configuration list for PBXProject "ModelBot" */;
			compatibilityVersion = "Xcode 3.2";
			developmentRegion = English;
			hasScannedForEncodings = 0;
			knownRegions = (
				en,
				Base,
			);
			mainGroup = 8B2409E81AB6B192002C7B7B;
			productRefGroup = 8B2409F21AB6B192002C7B7B /* Products */;
			projectDirPath = "";
			projectRoot = "";
			targets = (
				8B2409F01AB6B192002C7B7B /* ModelBot */,
				8B240A031AB6B192002C7B7B /* ModelBotTests */,
			);
		};
/* End PBXProject section */

/* Begin PBXResourcesBuildPhase section */
		8B2409EF1AB6B192002C7B7B /* Resources */ = {
			isa = PBXResourcesBuildPhase;
			buildActionMask = 2147483647;
			files = (
				8B2409FC1AB6B192002C7B7B /* Images.xcassets in Resources */,
				8B92B2D81AB7F4FE00F50595 /* Source_MTLModel.tpl in Resources */,
				8B222E0E1B4A739800517EBA /* appicon.icns in Resources */,
				8BB3CADC1B5514C5001E770B /* Main.storyboard in Resources */,
				8BFE80D81C5715C9005C842B /* ObjectMapper_Swift.tpl in Resources */,
				8B240A1C1AB6C50F002C7B7B /* Header_NSObject.tpl in Resources */,
				8B240A1E1AB6C520002C7B7B /* Header_MTLModel.tpl in Resources */,
				8B92B2D61AB7F4F300F50595 /* Source_NSObject.tpl in Resources */,
				8BB3CAD61B550DFB001E770B /* line_graph.png in Resources */,
			);
			runOnlyForDeploymentPostprocessing = 0;
		};
		8B240A021AB6B192002C7B7B /* Resources */ = {
			isa = PBXResourcesBuildPhase;
			buildActionMask = 2147483647;
			files = (
				8BB3CADD1B5514C5001E770B /* Main.storyboard in Resources */,
				8BB3CAD71B550DFB001E770B /* line_graph.png in Resources */,
			);
			runOnlyForDeploymentPostprocessing = 0;
		};
/* End PBXResourcesBuildPhase section */

/* Begin PBXSourcesBuildPhase section */
		8B2409ED1AB6B192002C7B7B /* Sources */ = {
			isa = PBXSourcesBuildPhase;
			buildActionMask = 2147483647;
			files = (
				8B02090A1B56322500947EBC /* AnalyticsManager.m in Sources */,
				8BE19E3F1B54DAAB00ED50AB /* JSONParseMate.m in Sources */,
				8BDA4B6B1B5519BE0051C745 /* RootWindowController.m in Sources */,
				8BA9D4ED1BBFDE03000135F8 /* PreferenceController.m in Sources */,
				8B1C5F2B1B54FBA100B23290 /* RootViewController.m in Sources */,
				8B0209061B560B1800947EBC /* AnalyticsViewController.m in Sources */,
				8B2409FA1AB6B192002C7B7B /* main.m in Sources */,
				8B92B2E81AB81B6A00F50595 /* JSONSyntaxHighlight.m in Sources */,
				8BA9D4F11BC01956000135F8 /* MPreference.m in Sources */,
				8B92B2ED1AB822D900F50595 /* JSONTextview.m in Sources */,
				8B6618781BBCE68C007A1E44 /* ModelFunctionsMate.m in Sources */,
				8B2409F81AB6B192002C7B7B /* AppDelegate.m in Sources */,
			);
			runOnlyForDeploymentPostprocessing = 0;
		};
		8B240A001AB6B192002C7B7B /* Sources */ = {
			isa = PBXSourcesBuildPhase;
			buildActionMask = 2147483647;
			files = (
				8B02090B1B56322500947EBC /* AnalyticsManager.m in Sources */,
				8B0209071B560B1800947EBC /* AnalyticsViewController.m in Sources */,
				8B1C5F2C1B54FBA100B23290 /* RootViewController.m in Sources */,
				8B240A0B1AB6B192002C7B7B /* ModelBotTests.m in Sources */,
			);
			runOnlyForDeploymentPostprocessing = 0;
		};
/* End PBXSourcesBuildPhase section */

/* Begin PBXTargetDependency section */
		8B240A061AB6B192002C7B7B /* PBXTargetDependency */ = {
			isa = PBXTargetDependency;
			target = 8B2409F01AB6B192002C7B7B /* ModelBot */;
			targetProxy = 8B240A051AB6B192002C7B7B /* PBXContainerItemProxy */;
		};
/* End PBXTargetDependency section */

/* Begin XCBuildConfiguration section */
		8B240A0C1AB6B192002C7B7B /* Debug */ = {
			isa = XCBuildConfiguration;
			buildSettings = {
				ALWAYS_SEARCH_USER_PATHS = NO;
				CLANG_CXX_LANGUAGE_STANDARD = "gnu++0x";
				CLANG_CXX_LIBRARY = "libc++";
				CLANG_ENABLE_MODULES = YES;
				CLANG_ENABLE_OBJC_ARC = YES;
				CLANG_WARN_BOOL_CONVERSION = YES;
				CLANG_WARN_CONSTANT_CONVERSION = YES;
				CLANG_WARN_DIRECT_OBJC_ISA_USAGE = YES_ERROR;
				CLANG_WARN_EMPTY_BODY = YES;
				CLANG_WARN_ENUM_CONVERSION = YES;
				CLANG_WARN_INT_CONVERSION = YES;
				CLANG_WARN_OBJC_ROOT_CLASS = YES_ERROR;
				CLANG_WARN_UNREACHABLE_CODE = YES;
				CLANG_WARN__DUPLICATE_METHOD_MATCH = YES;
				CODE_SIGN_IDENTITY = "-";
				COPY_PHASE_STRIP = NO;
				ENABLE_STRICT_OBJC_MSGSEND = YES;
				GCC_C_LANGUAGE_STANDARD = gnu99;
				GCC_DYNAMIC_NO_PIC = NO;
				GCC_OPTIMIZATION_LEVEL = 0;
				GCC_PRECOMPILE_PREFIX_HEADER = YES;
				GCC_PREFIX_HEADER = "$(SRCROOT)/ModelBot/PrefixHeader.pch";
				GCC_PREPROCESSOR_DEFINITIONS = (
					"DEBUG=1",
					"$(inherited)",
				);
				GCC_SYMBOLS_PRIVATE_EXTERN = NO;
				GCC_WARN_64_TO_32_BIT_CONVERSION = YES;
				GCC_WARN_ABOUT_RETURN_TYPE = YES_ERROR;
				GCC_WARN_UNDECLARED_SELECTOR = YES;
				GCC_WARN_UNINITIALIZED_AUTOS = YES_AGGRESSIVE;
				GCC_WARN_UNUSED_FUNCTION = YES;
				GCC_WARN_UNUSED_VARIABLE = YES;
				MACOSX_DEPLOYMENT_TARGET = 10.9;
				MTL_ENABLE_DEBUG_INFO = YES;
				ONLY_ACTIVE_ARCH = YES;
				SDKROOT = macosx;
			};
			name = Debug;
		};
		8B240A0D1AB6B192002C7B7B /* Release */ = {
			isa = XCBuildConfiguration;
			buildSettings = {
				ALWAYS_SEARCH_USER_PATHS = NO;
				CLANG_CXX_LANGUAGE_STANDARD = "gnu++0x";
				CLANG_CXX_LIBRARY = "libc++";
				CLANG_ENABLE_MODULES = YES;
				CLANG_ENABLE_OBJC_ARC = YES;
				CLANG_WARN_BOOL_CONVERSION = YES;
				CLANG_WARN_CONSTANT_CONVERSION = YES;
				CLANG_WARN_DIRECT_OBJC_ISA_USAGE = YES_ERROR;
				CLANG_WARN_EMPTY_BODY = YES;
				CLANG_WARN_ENUM_CONVERSION = YES;
				CLANG_WARN_INT_CONVERSION = YES;
				CLANG_WARN_OBJC_ROOT_CLASS = YES_ERROR;
				CLANG_WARN_UNREACHABLE_CODE = YES;
				CLANG_WARN__DUPLICATE_METHOD_MATCH = YES;
				CODE_SIGN_IDENTITY = "-";
				COPY_PHASE_STRIP = NO;
				DEBUG_INFORMATION_FORMAT = "dwarf-with-dsym";
				ENABLE_NS_ASSERTIONS = NO;
				ENABLE_STRICT_OBJC_MSGSEND = YES;
				GCC_C_LANGUAGE_STANDARD = gnu99;
				GCC_PRECOMPILE_PREFIX_HEADER = YES;
				GCC_PREFIX_HEADER = "$(SRCROOT)/ModelBot/PrefixHeader.pch";
				GCC_WARN_64_TO_32_BIT_CONVERSION = YES;
				GCC_WARN_ABOUT_RETURN_TYPE = YES_ERROR;
				GCC_WARN_UNDECLARED_SELECTOR = YES;
				GCC_WARN_UNINITIALIZED_AUTOS = YES_AGGRESSIVE;
				GCC_WARN_UNUSED_FUNCTION = YES;
				GCC_WARN_UNUSED_VARIABLE = YES;
				MACOSX_DEPLOYMENT_TARGET = 10.9;
				MTL_ENABLE_DEBUG_INFO = NO;
				SDKROOT = macosx;
			};
			name = Release;
		};
		8B240A0F1AB6B192002C7B7B /* Debug */ = {
			isa = XCBuildConfiguration;
			buildSettings = {
				CODE_SIGN_IDENTITY = "";
				COMBINE_HIDPI_IMAGES = YES;
				FRAMEWORK_SEARCH_PATHS = (
					"$(inherited)",
					"$(PROJECT_DIR)/ModelBot/Framework",
					"$(PROJECT_DIR)/ModelBot/Library",
				);
				GCC_PREFIX_HEADER = "$(SRCROOT)/ModelBot/PrefixHeader.pch";
				INFOPLIST_FILE = ModelBot/Info.plist;
				LD_RUNPATH_SEARCH_PATHS = "$(inherited) @executable_path/../Frameworks";
				MACOSX_DEPLOYMENT_TARGET = 10.8;
				OTHER_LDFLAGS = (
					"-ObjC",
					"-all_load",
				);
				PRODUCT_NAME = "$(TARGET_NAME)";
			};
			name = Debug;
		};
		8B240A101AB6B192002C7B7B /* Release */ = {
			isa = XCBuildConfiguration;
			buildSettings = {
				CODE_SIGN_IDENTITY = "";
				COMBINE_HIDPI_IMAGES = YES;
				FRAMEWORK_SEARCH_PATHS = (
					"$(inherited)",
					"$(PROJECT_DIR)/ModelBot/Framework",
					"$(PROJECT_DIR)/ModelBot/Library",
				);
				GCC_PREFIX_HEADER = "$(SRCROOT)/ModelBot/PrefixHeader.pch";
				INFOPLIST_FILE = ModelBot/Info.plist;
				LD_RUNPATH_SEARCH_PATHS = "$(inherited) @executable_path/../Frameworks";
				MACOSX_DEPLOYMENT_TARGET = 10.8;
				OTHER_LDFLAGS = (
					"-ObjC",
					"-all_load",
				);
				PRODUCT_NAME = "$(TARGET_NAME)";
			};
			name = Release;
		};
		8B240A121AB6B192002C7B7B /* Debug */ = {
			isa = XCBuildConfiguration;
			buildSettings = {
				BUNDLE_LOADER = "$(TEST_HOST)";
				COMBINE_HIDPI_IMAGES = YES;
				FRAMEWORK_SEARCH_PATHS = (
					"$(DEVELOPER_FRAMEWORKS_DIR)",
					"$(inherited)",
				);
				GCC_PREPROCESSOR_DEFINITIONS = (
					"DEBUG=1",
					"$(inherited)",
				);
				INFOPLIST_FILE = ModelBotTests/Info.plist;
				LD_RUNPATH_SEARCH_PATHS = "$(inherited) @executable_path/../Frameworks @loader_path/../Frameworks";
				PRODUCT_NAME = "$(TARGET_NAME)";
				TEST_HOST = "$(BUILT_PRODUCTS_DIR)/ModelBot.app/Contents/MacOS/ModelBot";
			};
			name = Debug;
		};
		8B240A131AB6B192002C7B7B /* Release */ = {
			isa = XCBuildConfiguration;
			buildSettings = {
				BUNDLE_LOADER = "$(TEST_HOST)";
				COMBINE_HIDPI_IMAGES = YES;
				FRAMEWORK_SEARCH_PATHS = (
					"$(DEVELOPER_FRAMEWORKS_DIR)",
					"$(inherited)",
				);
				INFOPLIST_FILE = ModelBotTests/Info.plist;
				LD_RUNPATH_SEARCH_PATHS = "$(inherited) @executable_path/../Frameworks @loader_path/../Frameworks";
				PRODUCT_NAME = "$(TARGET_NAME)";
				TEST_HOST = "$(BUILT_PRODUCTS_DIR)/ModelBot.app/Contents/MacOS/ModelBot";
			};
			name = Release;
		};
/* End XCBuildConfiguration section */

/* Begin XCConfigurationList section */
		8B2409EC1AB6B192002C7B7B /* Build configuration list for PBXProject "ModelBot" */ = {
			isa = XCConfigurationList;
			buildConfigurations = (
				8B240A0C1AB6B192002C7B7B /* Debug */,
				8B240A0D1AB6B192002C7B7B /* Release */,
			);
			defaultConfigurationIsVisible = 0;
			defaultConfigurationName = Release;
		};
		8B240A0E1AB6B192002C7B7B /* Build configuration list for PBXNativeTarget "ModelBot" */ = {
			isa = XCConfigurationList;
			buildConfigurations = (
				8B240A0F1AB6B192002C7B7B /* Debug */,
				8B240A101AB6B192002C7B7B /* Release */,
			);
			defaultConfigurationIsVisible = 0;
			defaultConfigurationName = Release;
		};
		8B240A111AB6B192002C7B7B /* Build configuration list for PBXNativeTarget "ModelBotTests" */ = {
			isa = XCConfigurationList;
			buildConfigurations = (
				8B240A121AB6B192002C7B7B /* Debug */,
				8B240A131AB6B192002C7B7B /* Release */,
			);
			defaultConfigurationIsVisible = 0;
			defaultConfigurationName = Release;
		};
/* End XCConfigurationList section */
	};
	rootObject = 8B2409E91AB6B192002C7B7B /* Project object */;
}
